
Microsoft Visual Studio Solution File, Format Version 12.00
# Visual Studio Version 17
VisualStudioVersion = 17.3.32804.467
MinimumVisualStudioVersion = 10.0.40219.1
Project("{FAE04EC0-301F-11D3-BF4B-00C04F79EFBC}") = "DemoGighubAction.WebApi", "DemoGighubAction.WebApi\DemoGighubAction.WebApi.csproj", "{EDA5034B-A8FE-4935-89FD-EB91C14570E2}"
EndProject
Global
	GlobalSection(SolutionConfigurationPlatforms) = preSolution
		Debug|Any CPU = Debug|Any CPU
		Release|Any CPU = Release|Any CPU
	EndGlobalSection
	GlobalSection(ProjectConfigurationPlatforms) = postSolution
		{EDA5034B-A8FE-4935-89FD-EB91C14570E2}.Debug|Any CPU.ActiveCfg = Debug|Any CPU
		{EDA5034B-A8FE-4935-89FD-EB91C14570E2}.Debug|Any CPU.Build.0 = Debug|Any CPU
		{EDA5034B-A8FE-4935-89FD-EB91C14570E2}.Release|Any CPU.ActiveCfg = Release|Any CPU
		{EDA5034B-A8FE-4935-89FD-EB91C14570E2}.Release|Any CPU.Build.0 = Release|Any CPU
	EndGlobalSection
	GlobalSection(SolutionProperties) = preSolution
		HideSolutionNode = FALSE
	EndGlobalSection
	GlobalSection(ExtensibilityGlobals) = postSolution
		SolutionGuid = {99A33919-79D2-48DC-9DC3-37AF89ECA6D0}
	EndGlobalSection
EndGlobal
